
Microsoft Visual Studio Solution File, Format Version 12.00
# Visual Studio Version 16
VisualStudioVersion = 16.0.29911.84
MinimumVisualStudioVersion = 10.0.40219.1
Project("{8BC9CEB8-8B4A-11D0-8D11-00A0C91BC942}") = "SlidePuzzle", "SlidePuzzle.vcxproj", "{31EECEC9-C4B4-469E-8A96-3F1C81E57D94}"
EndProject
Global
	GlobalSection(SolutionConfigurationPlatforms) = preSolution
		Debug|x64 = Debug|x64
		Debug|x86 = Debug|x86
		Release|x64 = Release|x64
		Release|x86 = Release|x86
	EndGlobalSection
	GlobalSection(ProjectConfigurationPlatforms) = postSolution
		{31EECEC9-C4B4-469E-8A96-3F1C81E57D94}.Debug|x64.ActiveCfg = Debug|x64
		{31EECEC9-C4B4-469E-8A96-3F1C81E57D94}.Debug|x64.Build.0 = Debug|x64
		{31EECEC9-C4B4-469E-8A96-3F1C81E57D94}.Debug|x86.ActiveCfg = Debug|Win32
		{31EECEC9-C4B4-469E-8A96-3F1C81E57D94}.Debug|x86.Build.0 = Debug|Win32
		{31EECEC9-C4B4-469E-8A96-3F1C81E57D94}.Release|x64.ActiveCfg = Release|x64
		{31EECEC9-C4B4-469E-8A96-3F1C81E57D94}.Release|x64.Build.0 = Release|x64
		{31EECEC9-C4B4-469E-8A96-3F1C81E57D94}.Release|x86.ActiveCfg = Release|Win32
		{31EECEC9-C4B4-469E-8A96-3F1C81E57D94}.Release|x86.Build.0 = Release|Win32
	EndGlobalSection
	GlobalSection(SolutionProperties) = preSolution
		HideSolutionNode = FALSE
	EndGlobalSection
	GlobalSection(ExtensibilityGlobals) = postSolution
		SolutionGuid = {4A069502-6E24-4C40-AEC1-338B50536B60}
	EndGlobalSection
EndGlobal
